
Microsoft Visual Studio Solution File, Format Version 12.00
# Visual Studio 15
VisualStudioVersion = 15.0.26228.9
MinimumVisualStudioVersion = 10.0.40219.1
Project("{FAE04EC0-301F-11D3-BF4B-00C04F79EFBC}") = "cartotree", "cartotree\cartotree.csproj", "{2C8F281E-B7D1-4411-A28F-4E277E976E9E}"
EndProject
Project("{FAE04EC0-301F-11D3-BF4B-00C04F79EFBC}") = "cartotree.Tests", "cartotree.Tests\cartotree.Tests.csproj", "{9C657B00-6171-464C-96EA-10819B4FF238}"
EndProject
Global
	GlobalSection(SolutionConfigurationPlatforms) = preSolution
		Debug|Any CPU = Debug|Any CPU
		Release|Any CPU = Release|Any CPU
	EndGlobalSection
	GlobalSection(ProjectConfigurationPlatforms) = postSolution
		{2C8F281E-B7D1-4411-A28F-4E277E976E9E}.Debug|Any CPU.ActiveCfg = Debug|Any CPU
		{2C8F281E-B7D1-4411-A28F-4E277E976E9E}.Debug|Any CPU.Build.0 = Debug|Any CPU
		{2C8F281E-B7D1-4411-A28F-4E277E976E9E}.Release|Any CPU.ActiveCfg = Release|Any CPU
		{2C8F281E-B7D1-4411-A28F-4E277E976E9E}.Release|Any CPU.Build.0 = Release|Any CPU
		{9C657B00-6171-464C-96EA-10819B4FF238}.Debug|Any CPU.ActiveCfg = Debug|Any CPU
		{9C657B00-6171-464C-96EA-10819B4FF238}.Debug|Any CPU.Build.0 = Debug|Any CPU
		{9C657B00-6171-464C-96EA-10819B4FF238}.Release|Any CPU.ActiveCfg = Release|Any CPU
		{9C657B00-6171-464C-96EA-10819B4FF238}.Release|Any CPU.Build.0 = Release|Any CPU
	EndGlobalSection
	GlobalSection(SolutionProperties) = preSolution
		HideSolutionNode = FALSE
	EndGlobalSection
EndGlobal
